
Microsoft Visual Studio Solution File, Format Version 12.00
# Visual Studio Version 16
VisualStudioVersion = 16.0.30717.126
MinimumVisualStudioVersion = 10.0.40219.1
Project("{2150E333-8FDC-42A3-9474-1A3956D46DE8}") = "Data", "Data", "{2B2ED366-BB98-4702-A643-0C06524FA96F}"
EndProject
Project("{FAE04EC0-301F-11D3-BF4B-00C04F79EFBC}") = "PRUEBAData", "PRUEBAData\PRUEBAData.csproj", "{A2A67A8C-1DA7-49F4-97E6-987B39420A43}"
EndProject
Project("{2150E333-8FDC-42A3-9474-1A3956D46DE8}") = "Infraestructura", "Infraestructura", "{C8CA2152-9507-45EF-9643-C6722BFF1F1C}"
EndProject
Project("{FAE04EC0-301F-11D3-BF4B-00C04F79EFBC}") = "PRUEBAMethods", "RRHHMethods\PRUEBAMethods.csproj", "{BA892CDE-7F19-4E1D-ABAE-6EE566C55D06}"
EndProject
Project("{2150E333-8FDC-42A3-9474-1A3956D46DE8}") = "Entidades", "Entidades", "{7601FFCD-0DA3-4151-8446-3838A2BA8E99}"
EndProject
Project("{FAE04EC0-301F-11D3-BF4B-00C04F79EFBC}") = "PRUEBAEntity", "PRUEBAEntity\PRUEBAEntity.csproj", "{DA83E767-0DA9-4F06-86EF-0A5973629E2D}"
EndProject
Project("{2150E333-8FDC-42A3-9474-1A3956D46DE8}") = "Servicios", "Servicios", "{576A2CE1-009D-43C2-BFDB-B920D20D397E}"
EndProject
Project("{FAE04EC0-301F-11D3-BF4B-00C04F79EFBC}") = "PRUEBAImplementacion", "PRUEBAImplementacion\PRUEBAImplementacion.csproj", "{A06937E3-0A50-4FDF-9974-262EF56AC872}"
EndProject
Project("{2150E333-8FDC-42A3-9474-1A3956D46DE8}") = "Negocio", "Negocio", "{DAE8749D-86F1-4E5A-A644-BE9206053992}"
EndProject
Project("{FAE04EC0-301F-11D3-BF4B-00C04F79EFBC}") = "PRUEBABussines", "PRUEBABussines\PRUEBABussines.csproj", "{CD7DEF9E-586F-4B98-892E-A5F8C9279F3E}"
EndProject
Project("{FAE04EC0-301F-11D3-BF4B-00C04F79EFBC}") = "PRUEBAService", "PRUEBAService\PRUEBAService.csproj", "{41990047-5B19-4E4F-B015-FDFFF4220B9D}"
EndProject
Global
	GlobalSection(SolutionConfigurationPlatforms) = preSolution
		Debug|Any CPU = Debug|Any CPU
		Release|Any CPU = Release|Any CPU
	EndGlobalSection
	GlobalSection(ProjectConfigurationPlatforms) = postSolution
		{A2A67A8C-1DA7-49F4-97E6-987B39420A43}.Debug|Any CPU.ActiveCfg = Debug|Any CPU
		{A2A67A8C-1DA7-49F4-97E6-987B39420A43}.Debug|Any CPU.Build.0 = Debug|Any CPU
		{A2A67A8C-1DA7-49F4-97E6-987B39420A43}.Release|Any CPU.ActiveCfg = Release|Any CPU
		{A2A67A8C-1DA7-49F4-97E6-987B39420A43}.Release|Any CPU.Build.0 = Release|Any CPU
		{BA892CDE-7F19-4E1D-ABAE-6EE566C55D06}.Debug|Any CPU.ActiveCfg = Debug|Any CPU
		{BA892CDE-7F19-4E1D-ABAE-6EE566C55D06}.Debug|Any CPU.Build.0 = Debug|Any CPU
		{BA892CDE-7F19-4E1D-ABAE-6EE566C55D06}.Release|Any CPU.ActiveCfg = Release|Any CPU
		{BA892CDE-7F19-4E1D-ABAE-6EE566C55D06}.Release|Any CPU.Build.0 = Release|Any CPU
		{DA83E767-0DA9-4F06-86EF-0A5973629E2D}.Debug|Any CPU.ActiveCfg = Debug|Any CPU
		{DA83E767-0DA9-4F06-86EF-0A5973629E2D}.Debug|Any CPU.Build.0 = Debug|Any CPU
		{DA83E767-0DA9-4F06-86EF-0A5973629E2D}.Release|Any CPU.ActiveCfg = Release|Any CPU
		{DA83E767-0DA9-4F06-86EF-0A5973629E2D}.Release|Any CPU.Build.0 = Release|Any CPU
		{A06937E3-0A50-4FDF-9974-262EF56AC872}.Debug|Any CPU.ActiveCfg = Debug|Any CPU
		{A06937E3-0A50-4FDF-9974-262EF56AC872}.Debug|Any CPU.Build.0 = Debug|Any CPU
		{A06937E3-0A50-4FDF-9974-262EF56AC872}.Release|Any CPU.ActiveCfg = Release|Any CPU
		{A06937E3-0A50-4FDF-9974-262EF56AC872}.Release|Any CPU.Build.0 = Release|Any CPU
		{CD7DEF9E-586F-4B98-892E-A5F8C9279F3E}.Debug|Any CPU.ActiveCfg = Debug|Any CPU
		{CD7DEF9E-586F-4B98-892E-A5F8C9279F3E}.Debug|Any CPU.Build.0 = Debug|Any CPU
		{CD7DEF9E-586F-4B98-892E-A5F8C9279F3E}.Release|Any CPU.ActiveCfg = Release|Any CPU
		{CD7DEF9E-586F-4B98-892E-A5F8C9279F3E}.Release|Any CPU.Build.0 = Release|Any CPU
		{41990047-5B19-4E4F-B015-FDFFF4220B9D}.Debug|Any CPU.ActiveCfg = Debug|Any CPU
		{41990047-5B19-4E4F-B015-FDFFF4220B9D}.Debug|Any CPU.Build.0 = Debug|Any CPU
		{41990047-5B19-4E4F-B015-FDFFF4220B9D}.Release|Any CPU.ActiveCfg = Release|Any CPU
		{41990047-5B19-4E4F-B015-FDFFF4220B9D}.Release|Any CPU.Build.0 = Release|Any CPU
	EndGlobalSection
	GlobalSection(SolutionProperties) = preSolution
		HideSolutionNode = FALSE
	EndGlobalSection
	GlobalSection(NestedProjects) = preSolution
		{A2A67A8C-1DA7-49F4-97E6-987B39420A43} = {2B2ED366-BB98-4702-A643-0C06524FA96F}
		{BA892CDE-7F19-4E1D-ABAE-6EE566C55D06} = {C8CA2152-9507-45EF-9643-C6722BFF1F1C}
		{DA83E767-0DA9-4F06-86EF-0A5973629E2D} = {7601FFCD-0DA3-4151-8446-3838A2BA8E99}
		{A06937E3-0A50-4FDF-9974-262EF56AC872} = {576A2CE1-009D-43C2-BFDB-B920D20D397E}
		{CD7DEF9E-586F-4B98-892E-A5F8C9279F3E} = {DAE8749D-86F1-4E5A-A644-BE9206053992}
	EndGlobalSection
	GlobalSection(ExtensibilityGlobals) = postSolution
		SolutionGuid = {09072661-48B5-422A-9DFA-16CC3967E8B0}
	EndGlobalSection
EndGlobal
